
Microsoft Visual Studio Solution File, Format Version 12.00
# Visual Studio Version 17
VisualStudioVersion = 17.5.33530.505
MinimumVisualStudioVersion = 10.0.40219.1
Project("{9A19103F-16F7-4668-BE54-9A1E7A4F7556}") = "Authentication", "Authentication\Authentication.csproj", "{F9E04C44-15D7-47AF-B6F7-8CB6DDB33FAF}"
EndProject
Project("{9A19103F-16F7-4668-BE54-9A1E7A4F7556}") = "AcessoTeste", "..\Authentication\AcessoTeste\AcessoTeste.csproj", "{9EB6226F-EEFB-430A-8152-ED551F97DFCE}"
EndProject
Global
	GlobalSection(SolutionConfigurationPlatforms) = preSolution
		Debug|Any CPU = Debug|Any CPU
		Release|Any CPU = Release|Any CPU
	EndGlobalSection
	GlobalSection(ProjectConfigurationPlatforms) = postSolution
		{F9E04C44-15D7-47AF-B6F7-8CB6DDB33FAF}.Debug|Any CPU.ActiveCfg = Debug|Any CPU
		{F9E04C44-15D7-47AF-B6F7-8CB6DDB33FAF}.Debug|Any CPU.Build.0 = Debug|Any CPU
		{F9E04C44-15D7-47AF-B6F7-8CB6DDB33FAF}.Release|Any CPU.ActiveCfg = Release|Any CPU
		{F9E04C44-15D7-47AF-B6F7-8CB6DDB33FAF}.Release|Any CPU.Build.0 = Release|Any CPU
		{9EB6226F-EEFB-430A-8152-ED551F97DFCE}.Debug|Any CPU.ActiveCfg = Debug|Any CPU
		{9EB6226F-EEFB-430A-8152-ED551F97DFCE}.Debug|Any CPU.Build.0 = Debug|Any CPU
		{9EB6226F-EEFB-430A-8152-ED551F97DFCE}.Release|Any CPU.ActiveCfg = Release|Any CPU
		{9EB6226F-EEFB-430A-8152-ED551F97DFCE}.Release|Any CPU.Build.0 = Release|Any CPU
	EndGlobalSection
	GlobalSection(SolutionProperties) = preSolution
		HideSolutionNode = FALSE
	EndGlobalSection
	GlobalSection(ExtensibilityGlobals) = postSolution
		SolutionGuid = {884ECC3C-DEB6-4597-A781-291A709F2900}
	EndGlobalSection
EndGlobal
